// !$*UTF8*$!
{
	archiveVersion = 1;
	classes = {
	};
	objectVersion = 77;
	objects = {

/* Begin PBXContainerItemProxy section */
		57FC58C72E1C6DB600CD0A91 /* PBXContainerItemProxy */ = {
			isa = PBXContainerItemProxy;
			containerPortal = 57FC58B12E1C6DB500CD0A91 /* Project object */;
			proxyType = 1;
			remoteGlobalIDString = 57FC58B82E1C6DB500CD0A91;
			remoteInfo = "Wash Wizard";
		};
		57FC58D12E1C6DB600CD0A91 /* PBXContainerItemProxy */ = {
			isa = PBXContainerItemProxy;
			containerPortal = 57FC58B12E1C6DB500CD0A91 /* Project object */;
			proxyType = 1;
			remoteGlobalIDString = 57FC58B82E1C6DB500CD0A91;
			remoteInfo = "Wash Wizard";
		};
/* End PBXContainerItemProxy section */

/* Begin PBXFileReference section */
		57FC58B92E1C6DB500CD0A91 /* Wash Wizard.app */ = {isa = PBXFileReference; explicitFileType = wrapper.application; includeInIndex = 0; path = "Wash Wizard.app"; sourceTree = BUILT_PRODUCTS_DIR; };
		57FC58C62E1C6DB600CD0A91 /* Wash WizardTests.xctest */ = {isa = PBXFileReference; explicitFileType = wrapper.cfbundle; includeInIndex = 0; path = "Wash WizardTests.xctest"; sourceTree = BUILT_PRODUCTS_DIR; };
		57FC58D02E1C6DB600CD0A91 /* Wash WizardUITests.xctest */ = {isa = PBXFileReference; explicitFileType = wrapper.cfbundle; includeInIndex = 0; path = "Wash WizardUITests.xctest"; sourceTree = BUILT_PRODUCTS_DIR; };
/* End PBXFileReference section */

/* Begin PBXFileSystemSynchronizedBuildFileExceptionSet section */
		57FC58EF2E1C73E200CD0A91 /* Exceptions for "Wash Wizard" folder in "Wash WizardTests" target */ = {
			isa = PBXFileSystemSynchronizedBuildFileExceptionSet;
			membershipExceptions = (
				Secrets.xcconfig,
			);
			target = 57FC58C52E1C6DB600CD0A91 /* Wash WizardTests */;
		};
		57FC58F02E1C73E200CD0A91 /* Exceptions for "Wash Wizard" folder in "Wash WizardUITests" target */ = {
			isa = PBXFileSystemSynchronizedBuildFileExceptionSet;
			membershipExceptions = (
				Secrets.xcconfig,
			);
			target = 57FC58CF2E1C6DB600CD0A91 /* Wash WizardUITests */;
		};
/* End PBXFileSystemSynchronizedBuildFileExceptionSet section */

/* Begin PBXFileSystemSynchronizedRootGroup section */
		57FC58BB2E1C6DB500CD0A91 /* Wash Wizard */ = {
			isa = PBXFileSystemSynchronizedRootGroup;
			exceptions = (
				57FC58EF2E1C73E200CD0A91 /* Exceptions for "Wash Wizard" folder in "Wash WizardTests" target */,
				57FC58F02E1C73E200CD0A91 /* Exceptions for "Wash Wizard" folder in "Wash WizardUITests" target */,
			);
			path = "Wash Wizard";
			sourceTree = "<group>";
		};
		57FC58C92E1C6DB600CD0A91 /* Wash WizardTests */ = {
			isa = PBXFileSystemSynchronizedRootGroup;
			path = "Wash WizardTests";
			sourceTree = "<group>";
		};
		57FC58D32E1C6DB600CD0A91 /* Wash WizardUITests */ = {
			isa = PBXFileSystemSynchronizedRootGroup;
			path = "Wash WizardUITests";
			sourceTree = "<group>";
		};
/* End PBXFileSystemSynchronizedRootGroup section */

/* Begin PBXFrameworksBuildPhase section */
		57FC58B62E1C6DB500CD0A91 /* Frameworks */ = {
			isa = PBXFrameworksBuildPhase;
			buildActionMask = 2147483647;
			files = (
			);
			runOnlyForDeploymentPostprocessing = 0;
		};
		57FC58C32E1C6DB600CD0A91 /* Frameworks */ = {
			isa = PBXFrameworksBuildPhase;
			buildActionMask = 2147483647;
			files = (
			);
			runOnlyForDeploymentPostprocessing = 0;
		};
		57FC58CD2E1C6DB600CD0A91 /* Frameworks */ = {
			isa = PBXFrameworksBuildPhase;
			buildActionMask = 2147483647;
			files = (
			);
			runOnlyForDeploymentPostprocessing = 0;
		};
/* End PBXFrameworksBuildPhase section */

/* Begin PBXGroup section */
		57FC58B02E1C6DB500CD0A91 = {
			isa = PBXGroup;
			children = (
				57FC58BB2E1C6DB500CD0A91 /* Wash Wizard */,
				57FC58C92E1C6DB600CD0A91 /* Wash WizardTests */,
				57FC58D32E1C6DB600CD0A91 /* Wash WizardUITests */,
				57FC58BA2E1C6DB500CD0A91 /* Products */,
			);
			sourceTree = "<group>";
		};
		57FC58BA2E1C6DB500CD0A91 /* Products */ = {
			isa = PBXGroup;
			children = (
				57FC58B92E1C6DB500CD0A91 /* Wash Wizard.app */,
				57FC58C62E1C6DB600CD0A91 /* Wash WizardTests.xctest */,
				57FC58D02E1C6DB600CD0A91 /* Wash WizardUITests.xctest */,
			);
			name = Products;
			sourceTree = "<group>";
		};
/* End PBXGroup section */

/* Begin PBXNativeTarget section */
		57FC58B82E1C6DB500CD0A91 /* Wash Wizard */ = {
			isa = PBXNativeTarget;
			buildConfigurationList = 57FC58DA2E1C6DB600CD0A91 /* Build configuration list for PBXNativeTarget "Wash Wizard" */;
			buildPhases = (
				57FC58B52E1C6DB500CD0A91 /* Sources */,
				57FC58B62E1C6DB500CD0A91 /* Frameworks */,
				57FC58B72E1C6DB500CD0A91 /* Resources */,
			);
			buildRules = (
			);
			dependencies = (
			);
			fileSystemSynchronizedGroups = (
				57FC58BB2E1C6DB500CD0A91 /* Wash Wizard */,
			);
			name = "Wash Wizard";
			packageProductDependencies = (
			);
			productName = "Wash Wizard";
			productReference = 57FC58B92E1C6DB500CD0A91 /* Wash Wizard.app */;
			productType = "com.apple.product-type.application";
		};
		57FC58C52E1C6DB600CD0A91 /* Wash WizardTests */ = {
			isa = PBXNativeTarget;
			buildConfigurationList = 57FC58DD2E1C6DB600CD0A91 /* Build configuration list for PBXNativeTarget "Wash WizardTests" */;
			buildPhases = (
				57FC58C22E1C6DB600CD0A91 /* Sources */,
				57FC58C32E1C6DB600CD0A91 /* Frameworks */,
				57FC58C42E1C6DB600CD0A91 /* Resources */,
			);
			buildRules = (
			);
			dependencies = (
				57FC58C82E1C6DB600CD0A91 /* PBXTargetDependency */,
			);
			fileSystemSynchronizedGroups = (
				57FC58C92E1C6DB600CD0A91 /* Wash WizardTests */,
			);
			name = "Wash WizardTests";
			packageProductDependencies = (
			);
			productName = "Wash WizardTests";
			productReference = 57FC58C62E1C6DB600CD0A91 /* Wash WizardTests.xctest */;
			productType = "com.apple.product-type.bundle.unit-test";
		};
		57FC58CF2E1C6DB600CD0A91 /* Wash WizardUITests */ = {
			isa = PBXNativeTarget;
			buildConfigurationList = 57FC58E02E1C6DB600CD0A91 /* Build configuration list for PBXNativeTarget "Wash WizardUITests" */;
			buildPhases = (
				57FC58CC2E1C6DB600CD0A91 /* Sources */,
				57FC58CD2E1C6DB600CD0A91 /* Frameworks */,
				57FC58CE2E1C6DB600CD0A91 /* Resources */,
			);
			buildRules = (
			);
			dependencies = (
				57FC58D22E1C6DB600CD0A91 /* PBXTargetDependency */,
			);
			fileSystemSynchronizedGroups = (
				57FC58D32E1C6DB600CD0A91 /* Wash WizardUITests */,
			);
			name = "Wash WizardUITests";
			packageProductDependencies = (
			);
			productName = "Wash WizardUITests";
			productReference = 57FC58D02E1C6DB600CD0A91 /* Wash WizardUITests.xctest */;
			productType = "com.apple.product-type.bundle.ui-testing";
		};
/* End PBXNativeTarget section */

/* Begin PBXProject section */
		57FC58B12E1C6DB500CD0A91 /* Project object */ = {
			isa = PBXProject;
			attributes = {
				BuildIndependentTargetsInParallel = 1;
				LastSwiftUpdateCheck = 1640;
				LastUpgradeCheck = 1640;
				TargetAttributes = {
					57FC58B82E1C6DB500CD0A91 = {
						CreatedOnToolsVersion = 16.4;
					};
					57FC58C52E1C6DB600CD0A91 = {
						CreatedOnToolsVersion = 16.4;
						TestTargetID = 57FC58B82E1C6DB500CD0A91;
					};
					57FC58CF2E1C6DB600CD0A91 = {
						CreatedOnToolsVersion = 16.4;
						TestTargetID = 57FC58B82E1C6DB500CD0A91;
					};
				};
			};
			buildConfigurationList = 57FC58B42E1C6DB500CD0A91 /* Build configuration list for PBXProject "Wash Wizard" */;
			developmentRegion = en;
			hasScannedForEncodings = 0;
			knownRegions = (
				en,
				Base,
			);
			mainGroup = 57FC58B02E1C6DB500CD0A91;
			minimizedProjectReferenceProxies = 1;
			preferredProjectObjectVersion = 77;
			productRefGroup = 57FC58BA2E1C6DB500CD0A91 /* Products */;
			projectDirPath = "";
			projectRoot = "";
			targets = (
				57FC58B82E1C6DB500CD0A91 /* Wash Wizard */,
				57FC58C52E1C6DB600CD0A91 /* Wash WizardTests */,
				57FC58CF2E1C6DB600CD0A91 /* Wash WizardUITests */,
			);
		};
/* End PBXProject section */

/* Begin PBXResourcesBuildPhase section */
		57FC58B72E1C6DB500CD0A91 /* Resources */ = {
			isa = PBXResourcesBuildPhase;
			buildActionMask = 2147483647;
			files = (
			);
			runOnlyForDeploymentPostprocessing = 0;
		};
		57FC58C42E1C6DB600CD0A91 /* Resources */ = {
			isa = PBXResourcesBuildPhase;
			buildActionMask = 2147483647;
			files = (
			);
			runOnlyForDeploymentPostprocessing = 0;
		};
		57FC58CE2E1C6DB600CD0A91 /* Resources */ = {
			isa = PBXResourcesBuildPhase;
			buildActionMask = 2147483647;
			files = (
			);
			runOnlyForDeploymentPostprocessing = 0;
		};
/* End PBXResourcesBuildPhase section */

/* Begin PBXSourcesBuildPhase section */
		57FC58B52E1C6DB500CD0A91 /* Sources */ = {
			isa = PBXSourcesBuildPhase;
			buildActionMask = 2147483647;
			files = (
			);
			runOnlyForDeploymentPostprocessing = 0;
		};
		57FC58C22E1C6DB600CD0A91 /* Sources */ = {
			isa = PBXSourcesBuildPhase;
			buildActionMask = 2147483647;
			files = (
			);
			runOnlyForDeploymentPostprocessing = 0;
		};
		57FC58CC2E1C6DB600CD0A91 /* Sources */ = {
			isa = PBXSourcesBuildPhase;
			buildActionMask = 2147483647;
			files = (
			);
			runOnlyForDeploymentPostprocessing = 0;
		};
/* End PBXSourcesBuildPhase section */

/* Begin PBXTargetDependency section */
		57FC58C82E1C6DB600CD0A91 /* PBXTargetDependency */ = {
			isa = PBXTargetDependency;
			target = 57FC58B82E1C6DB500CD0A91 /* Wash Wizard */;
			targetProxy = 57FC58C72E1C6DB600CD0A91 /* PBXContainerItemProxy */;
		};
		57FC58D22E1C6DB600CD0A91 /* PBXTargetDependency */ = {
			isa = PBXTargetDependency;
			target = 57FC58B82E1C6DB500CD0A91 /* Wash Wizard */;
			targetProxy = 57FC58D12E1C6DB600CD0A91 /* PBXContainerItemProxy */;
		};
/* End PBXTargetDependency section */

/* Begin XCBuildConfiguration section */
		57FC58D82E1C6DB600CD0A91 /* Debug */ = {
			isa = XCBuildConfiguration;
			buildSettings = {
				ALWAYS_SEARCH_USER_PATHS = NO;
				ASSETCATALOG_COMPILER_GENERATE_SWIFT_ASSET_SYMBOL_EXTENSIONS = YES;
				CLANG_ANALYZER_NONNULL = YES;
				CLANG_ANALYZER_NUMBER_OBJECT_CONVERSION = YES_AGGRESSIVE;
				CLANG_CXX_LANGUAGE_STANDARD = "gnu++20";
				CLANG_ENABLE_MODULES = YES;
				CLANG_ENABLE_OBJC_ARC = YES;
				CLANG_ENABLE_OBJC_WEAK = YES;
				CLANG_WARN_BLOCK_CAPTURE_AUTORELEASING = YES;
				CLANG_WARN_BOOL_CONVERSION = YES;
				CLANG_WARN_COMMA = YES;
				CLANG_WARN_CONSTANT_CONVERSION = YES;
				CLANG_WARN_DEPRECATED_OBJC_IMPLEMENTATIONS = YES;
				CLANG_WARN_DIRECT_OBJC_ISA_USAGE = YES_ERROR;
				CLANG_WARN_DOCUMENTATION_COMMENTS = YES;
				CLANG_WARN_EMPTY_BODY = YES;
				CLANG_WARN_ENUM_CONVERSION = YES;
				CLANG_WARN_INFINITE_RECURSION = YES;
				CLANG_WARN_INT_CONVERSION = YES;
				CLANG_WARN_NON_LITERAL_NULL_CONVERSION = YES;
				CLANG_WARN_OBJC_IMPLICIT_RETAIN_SELF = YES;
				CLANG_WARN_OBJC_LITERAL_CONVERSION = YES;
				CLANG_WARN_OBJC_ROOT_CLASS = YES_ERROR;
				CLANG_WARN_QUOTED_INCLUDE_IN_FRAMEWORK_HEADER = YES;
				CLANG_WARN_RANGE_LOOP_ANALYSIS = YES;
				CLANG_WARN_STRICT_PROTOTYPES = YES;
				CLANG_WARN_SUSPICIOUS_MOVE = YES;
				CLANG_WARN_UNGUARDED_AVAILABILITY = YES_AGGRESSIVE;
				CLANG_WARN_UNREACHABLE_CODE = YES;
				CLANG_WARN__DUPLICATE_METHOD_MATCH = YES;
				COPY_PHASE_STRIP = NO;
				DEBUG_INFORMATION_FORMAT = dwarf;
				ENABLE_STRICT_OBJC_MSGSEND = YES;
				ENABLE_TESTABILITY = YES;
				ENABLE_USER_SCRIPT_SANDBOXING = YES;
				GCC_C_LANGUAGE_STANDARD = gnu17;
				GCC_DYNAMIC_NO_PIC = NO;
				GCC_NO_COMMON_BLOCKS = YES;
				GCC_OPTIMIZATION_LEVEL = 0;
				GCC_PREPROCESSOR_DEFINITIONS = (
					"DEBUG=1",
					"$(inherited)",
				);
				GCC_WARN_64_TO_32_BIT_CONVERSION = YES;
				GCC_WARN_ABOUT_RETURN_TYPE = YES_ERROR;
				GCC_WARN_UNDECLARED_SELECTOR = YES;
				GCC_WARN_UNINITIALIZED_AUTOS = YES_AGGRESSIVE;
				GCC_WARN_UNUSED_FUNCTION = YES;
				GCC_WARN_UNUSED_VARIABLE = YES;
				IPHONEOS_DEPLOYMENT_TARGET = 18.5;
				LOCALIZATION_PREFERS_STRING_CATALOGS = YES;
				MTL_ENABLE_DEBUG_INFO = INCLUDE_SOURCE;
				MTL_FAST_MATH = YES;
				ONLY_ACTIVE_ARCH = YES;
				SDKROOT = iphoneos;
				SWIFT_ACTIVE_COMPILATION_CONDITIONS = "DEBUG $(inherited)";
				SWIFT_OPTIMIZATION_LEVEL = "-Onone";
			};
			name = Debug;
		};
		57FC58D92E1C6DB600CD0A91 /* Release */ = {
			isa = XCBuildConfiguration;
			buildSettings = {
				ALWAYS_SEARCH_USER_PATHS = NO;
				ASSETCATALOG_COMPILER_GENERATE_SWIFT_ASSET_SYMBOL_EXTENSIONS = YES;
				CLANG_ANALYZER_NONNULL = YES;
				CLANG_ANALYZER_NUMBER_OBJECT_CONVERSION = YES_AGGRESSIVE;
				CLANG_CXX_LANGUAGE_STANDARD = "gnu++20";
				CLANG_ENABLE_MODULES = YES;
				CLANG_ENABLE_OBJC_ARC = YES;
				CLANG_ENABLE_OBJC_WEAK = YES;
				CLANG_WARN_BLOCK_CAPTURE_AUTORELEASING = YES;
				CLANG_WARN_BOOL_CONVERSION = YES;
				CLANG_WARN_COMMA = YES;
				CLANG_WARN_CONSTANT_CONVERSION = YES;
				CLANG_WARN_DEPRECATED_OBJC_IMPLEMENTATIONS = YES;
				CLANG_WARN_DIRECT_OBJC_ISA_USAGE = YES_ERROR;
				CLANG_WARN_DOCUMENTATION_COMMENTS = YES;
				CLANG_WARN_EMPTY_BODY = YES;
				CLANG_WARN_ENUM_CONVERSION = YES;
				CLANG_WARN_INFINITE_RECURSION = YES;
				CLANG_WARN_INT_CONVERSION = YES;
				CLANG_WARN_NON_LITERAL_NULL_CONVERSION = YES;
				CLANG_WARN_OBJC_IMPLICIT_RETAIN_SELF = YES;
				CLANG_WARN_OBJC_LITERAL_CONVERSION = YES;
				CLANG_WARN_OBJC_ROOT_CLASS = YES_ERROR;
				CLANG_WARN_QUOTED_INCLUDE_IN_FRAMEWORK_HEADER = YES;
				CLANG_WARN_RANGE_LOOP_ANALYSIS = YES;
				CLANG_WARN_STRICT_PROTOTYPES = YES;
				CLANG_WARN_SUSPICIOUS_MOVE = YES;
				CLANG_WARN_UNGUARDED_AVAILABILITY = YES_AGGRESSIVE;
				CLANG_WARN_UNREACHABLE_CODE = YES;
				CLANG_WARN__DUPLICATE_METHOD_MATCH = YES;
				COPY_PHASE_STRIP = NO;
				DEBUG_INFORMATION_FORMAT = "dwarf-with-dsym";
				ENABLE_NS_ASSERTIONS = NO;
				ENABLE_STRICT_OBJC_MSGSEND = YES;
				ENABLE_USER_SCRIPT_SANDBOXING = YES;
				GCC_C_LANGUAGE_STANDARD = gnu17;
				GCC_NO_COMMON_BLOCKS = YES;
				GCC_WARN_64_TO_32_BIT_CONVERSION = YES;
				GCC_WARN_ABOUT_RETURN_TYPE = YES_ERROR;
				GCC_WARN_UNDECLARED_SELECTOR = YES;
				GCC_WARN_UNINITIALIZED_AUTOS = YES_AGGRESSIVE;
				GCC_WARN_UNUSED_FUNCTION = YES;
				GCC_WARN_UNUSED_VARIABLE = YES;
				IPHONEOS_DEPLOYMENT_TARGET = 18.5;
				LOCALIZATION_PREFERS_STRING_CATALOGS = YES;
				MTL_ENABLE_DEBUG_INFO = NO;
				MTL_FAST_MATH = YES;
				SDKROOT = iphoneos;
				SWIFT_COMPILATION_MODE = wholemodule;
				VALIDATE_PRODUCT = YES;
			};
			name = Release;
		};
		57FC58DB2E1C6DB600CD0A91 /* Debug */ = {
			isa = XCBuildConfiguration;
			buildSettings = {
				ASSETCATALOG_COMPILER_APPICON_NAME = AppIcon;
				ASSETCATALOG_COMPILER_GLOBAL_ACCENT_COLOR_NAME = AccentColor;
				CODE_SIGN_STYLE = Automatic;
				CURRENT_PROJECT_VERSION = 1;
				ENABLE_PREVIEWS = YES;
				GENERATE_INFOPLIST_FILE = YES;
				INFOPLIST_KEY_UIApplicationSceneManifest_Generation = YES;
				INFOPLIST_KEY_UIApplicationSupportsIndirectInputEvents = YES;
				INFOPLIST_KEY_UILaunchScreen_Generation = YES;
				INFOPLIST_KEY_UISupportedInterfaceOrientations_iPad = "UIInterfaceOrientationPortrait UIInterfaceOrientationPortraitUpsideDown UIInterfaceOrientationLandscapeLeft UIInterfaceOrientationLandscapeRight";
				INFOPLIST_KEY_UISupportedInterfaceOrientations_iPhone = "UIInterfaceOrientationPortrait UIInterfaceOrientationLandscapeLeft UIInterfaceOrientationLandscapeRight";
				LD_RUNPATH_SEARCH_PATHS = (
					"$(inherited)",
					"@executable_path/Frameworks",
				);
				MARKETING_VERSION = 1.0;
				PRODUCT_BUNDLE_IDENTIFIER = "com.example.Wash-Wizard";
				PRODUCT_NAME = "$(TARGET_NAME)";
				SWIFT_EMIT_LOC_STRINGS = YES;
				SWIFT_VERSION = 5.0;
				TARGETED_DEVICE_FAMILY = "1,2";
			};
			name = Debug;
		};
		57FC58DC2E1C6DB600CD0A91 /* Release */ = {
			isa = XCBuildConfiguration;
			buildSettings = {
				ASSETCATALOG_COMPILER_APPICON_NAME = AppIcon;
				ASSETCATALOG_COMPILER_GLOBAL_ACCENT_COLOR_NAME = AccentColor;
				CODE_SIGN_STYLE = Automatic;
				CURRENT_PROJECT_VERSION = 1;
				ENABLE_PREVIEWS = YES;
				GENERATE_INFOPLIST_FILE = YES;
				INFOPLIST_KEY_UIApplicationSceneManifest_Generation = YES;
				INFOPLIST_KEY_UIApplicationSupportsIndirectInputEvents = YES;
				INFOPLIST_KEY_UILaunchScreen_Generation = YES;
				INFOPLIST_KEY_UISupportedInterfaceOrientations_iPad = "UIInterfaceOrientationPortrait UIInterfaceOrientationPortraitUpsideDown UIInterfaceOrientationLandscapeLeft UIInterfaceOrientationLandscapeRight";
				INFOPLIST_KEY_UISupportedInterfaceOrientations_iPhone = "UIInterfaceOrientationPortrait UIInterfaceOrientationLandscapeLeft UIInterfaceOrientationLandscapeRight";
				LD_RUNPATH_SEARCH_PATHS = (
					"$(inherited)",
					"@executable_path/Frameworks",
				);
				MARKETING_VERSION = 1.0;
				PRODUCT_BUNDLE_IDENTIFIER = "com.example.Wash-Wizard";
				PRODUCT_NAME = "$(TARGET_NAME)";
				SWIFT_EMIT_LOC_STRINGS = YES;
				SWIFT_VERSION = 5.0;
				TARGETED_DEVICE_FAMILY = "1,2";
			};
			name = Release;
		};
		57FC58DE2E1C6DB600CD0A91 /* Debug */ = {
			isa = XCBuildConfiguration;
			buildSettings = {
				BUNDLE_LOADER = "$(TEST_HOST)";
				CODE_SIGN_STYLE = Automatic;
				CURRENT_PROJECT_VERSION = 1;
				GENERATE_INFOPLIST_FILE = YES;
				IPHONEOS_DEPLOYMENT_TARGET = 18.5;
				MARKETING_VERSION = 1.0;
				PRODUCT_BUNDLE_IDENTIFIER = "com.example.Wash-WizardTests";
				PRODUCT_NAME = "$(TARGET_NAME)";
				SWIFT_EMIT_LOC_STRINGS = NO;
				SWIFT_VERSION = 5.0;
				TARGETED_DEVICE_FAMILY = "1,2";
				TEST_HOST = "$(BUILT_PRODUCTS_DIR)/Wash Wizard.app/$(BUNDLE_EXECUTABLE_FOLDER_PATH)/Wash Wizard";
			};
			name = Debug;
		};
		57FC58DF2E1C6DB600CD0A91 /* Release */ = {
			isa = XCBuildConfiguration;
			buildSettings = {
				BUNDLE_LOADER = "$(TEST_HOST)";
				CODE_SIGN_STYLE = Automatic;
				CURRENT_PROJECT_VERSION = 1;
				GENERATE_INFOPLIST_FILE = YES;
				IPHONEOS_DEPLOYMENT_TARGET = 18.5;
				MARKETING_VERSION = 1.0;
				PRODUCT_BUNDLE_IDENTIFIER = "com.example.Wash-WizardTests";
				PRODUCT_NAME = "$(TARGET_NAME)";
				SWIFT_EMIT_LOC_STRINGS = NO;
				SWIFT_VERSION = 5.0;
				TARGETED_DEVICE_FAMILY = "1,2";
				TEST_HOST = "$(BUILT_PRODUCTS_DIR)/Wash Wizard.app/$(BUNDLE_EXECUTABLE_FOLDER_PATH)/Wash Wizard";
			};
			name = Release;
		};
		57FC58E12E1C6DB600CD0A91 /* Debug */ = {
			isa = XCBuildConfiguration;
			buildSettings = {
				CODE_SIGN_STYLE = Automatic;
				CURRENT_PROJECT_VERSION = 1;
				GENERATE_INFOPLIST_FILE = YES;
				MARKETING_VERSION = 1.0;
				PRODUCT_BUNDLE_IDENTIFIER = "com.example.Wash-WizardUITests";
				PRODUCT_NAME = "$(TARGET_NAME)";
				SWIFT_EMIT_LOC_STRINGS = NO;
				SWIFT_VERSION = 5.0;
				TARGETED_DEVICE_FAMILY = "1,2";
				TEST_TARGET_NAME = "Wash Wizard";
			};
			name = Debug;
		};
		57FC58E22E1C6DB600CD0A91 /* Release */ = {
			isa = XCBuildConfiguration;
			buildSettings = {
				CODE_SIGN_STYLE = Automatic;
				CURRENT_PROJECT_VERSION = 1;
				GENERATE_INFOPLIST_FILE = YES;
				MARKETING_VERSION = 1.0;
				PRODUCT_BUNDLE_IDENTIFIER = "com.example.Wash-WizardUITests";
				PRODUCT_NAME = "$(TARGET_NAME)";
				SWIFT_EMIT_LOC_STRINGS = NO;
				SWIFT_VERSION = 5.0;
				TARGETED_DEVICE_FAMILY = "1,2";
				TEST_TARGET_NAME = "Wash Wizard";
			};
			name = Release;
		};
/* End XCBuildConfiguration section */

/* Begin XCConfigurationList section */
		57FC58B42E1C6DB500CD0A91 /* Build configuration list for PBXProject "Wash Wizard" */ = {
			isa = XCConfigurationList;
			buildConfigurations = (
				57FC58D82E1C6DB600CD0A91 /* Debug */,
				57FC58D92E1C6DB600CD0A91 /* Release */,
			);
			defaultConfigurationIsVisible = 0;
			defaultConfigurationName = Release;
		};
		57FC58DA2E1C6DB600CD0A91 /* Build configuration list for PBXNativeTarget "Wash Wizard" */ = {
			isa = XCConfigurationList;
			buildConfigurations = (
				57FC58DB2E1C6DB600CD0A91 /* Debug */,
				57FC58DC2E1C6DB600CD0A91 /* Release */,
			);
			defaultConfigurationIsVisible = 0;
			defaultConfigurationName = Release;
		};
		57FC58DD2E1C6DB600CD0A91 /* Build configuration list for PBXNativeTarget "Wash WizardTests" */ = {
			isa = XCConfigurationList;
			buildConfigurations = (
				57FC58DE2E1C6DB600CD0A91 /* Debug */,
				57FC58DF2E1C6DB600CD0A91 /* Release */,
			);
			defaultConfigurationIsVisible = 0;
			defaultConfigurationName = Release;
		};
		57FC58E02E1C6DB600CD0A91 /* Build configuration list for PBXNativeTarget "Wash WizardUITests" */ = {
			isa = XCConfigurationList;
			buildConfigurations = (
				57FC58E12E1C6DB600CD0A91 /* Debug */,
				57FC58E22E1C6DB600CD0A91 /* Release */,
			);
			defaultConfigurationIsVisible = 0;
			defaultConfigurationName = Release;
		};
/* End XCConfigurationList section */
	};
	rootObject = 57FC58B12E1C6DB500CD0A91 /* Project object */;
}
